
Microsoft Visual Studio Solution File, Format Version 12.00
# Visual Studio Version 17
VisualStudioVersion = 17.0.31903.59
MinimumVisualStudioVersion = 10.0.40219.1
Project("{2150E333-8FDC-42A3-9474-1A3956D46DE8}") = "src", "src", "{827E0CD3-B72D-47B6-A68D-7590B98EB39B}"
EndProject
Project("{FAE04EC0-301F-11D3-BF4B-00C04F79EFBC}") = "InventoryAPI.Application", "src\InventoryAPI.Application\InventoryAPI.Application.csproj", "{6F5B4B67-2397-445D-A07F-1AF029F66ABC}"
EndProject
Project("{FAE04EC0-301F-11D3-BF4B-00C04F79EFBC}") = "InventoryAPI.Core", "src\InventoryAPI.Core\InventoryAPI.Core.csproj", "{A8E70F78-CA5B-4B7D-9DD6-09460819EE31}"
EndProject
Project("{FAE04EC0-301F-11D3-BF4B-00C04F79EFBC}") = "InventoryAPI.Infrastructure", "src\InventoryAPI.Infrastructure\InventoryAPI.Infrastructure.csproj", "{661E9058-4AF2-461A-A8BC-482E8158F758}"
EndProject
Project("{FAE04EC0-301F-11D3-BF4B-00C04F79EFBC}") = "InventoryAPI.WebAPI", "src\InventoryAPI.WebAPI\InventoryAPI.WebAPI.csproj", "{419DF57C-6B03-4C4C-873B-DB125D3AB3A2}"
EndProject
Global
	GlobalSection(SolutionConfigurationPlatforms) = preSolution
		Debug|Any CPU = Debug|Any CPU
		Debug|x64 = Debug|x64
		Debug|x86 = Debug|x86
		Release|Any CPU = Release|Any CPU
		Release|x64 = Release|x64
		Release|x86 = Release|x86
	EndGlobalSection
	GlobalSection(ProjectConfigurationPlatforms) = postSolution
		{6F5B4B67-2397-445D-A07F-1AF029F66ABC}.Debug|Any CPU.ActiveCfg = Debug|Any CPU
		{6F5B4B67-2397-445D-A07F-1AF029F66ABC}.Debug|Any CPU.Build.0 = Debug|Any CPU
		{6F5B4B67-2397-445D-A07F-1AF029F66ABC}.Debug|x64.ActiveCfg = Debug|Any CPU
		{6F5B4B67-2397-445D-A07F-1AF029F66ABC}.Debug|x64.Build.0 = Debug|Any CPU
		{6F5B4B67-2397-445D-A07F-1AF029F66ABC}.Debug|x86.ActiveCfg = Debug|Any CPU
		{6F5B4B67-2397-445D-A07F-1AF029F66ABC}.Debug|x86.Build.0 = Debug|Any CPU
		{6F5B4B67-2397-445D-A07F-1AF029F66ABC}.Release|Any CPU.ActiveCfg = Release|Any CPU
		{6F5B4B67-2397-445D-A07F-1AF029F66ABC}.Release|Any CPU.Build.0 = Release|Any CPU
		{6F5B4B67-2397-445D-A07F-1AF029F66ABC}.Release|x64.ActiveCfg = Release|Any CPU
		{6F5B4B67-2397-445D-A07F-1AF029F66ABC}.Release|x64.Build.0 = Release|Any CPU
		{6F5B4B67-2397-445D-A07F-1AF029F66ABC}.Release|x86.ActiveCfg = Release|Any CPU
		{6F5B4B67-2397-445D-A07F-1AF029F66ABC}.Release|x86.Build.0 = Release|Any CPU
		{A8E70F78-CA5B-4B7D-9DD6-09460819EE31}.Debug|Any CPU.ActiveCfg = Debug|Any CPU
		{A8E70F78-CA5B-4B7D-9DD6-09460819EE31}.Debug|Any CPU.Build.0 = Debug|Any CPU
		{A8E70F78-CA5B-4B7D-9DD6-09460819EE31}.Debug|x64.ActiveCfg = Debug|Any CPU
		{A8E70F78-CA5B-4B7D-9DD6-09460819EE31}.Debug|x64.Build.0 = Debug|Any CPU
		{A8E70F78-CA5B-4B7D-9DD6-09460819EE31}.Debug|x86.ActiveCfg = Debug|Any CPU
		{A8E70F78-CA5B-4B7D-9DD6-09460819EE31}.Debug|x86.Build.0 = Debug|Any CPU
		{A8E70F78-CA5B-4B7D-9DD6-09460819EE31}.Release|Any CPU.ActiveCfg = Release|Any CPU
		{A8E70F78-CA5B-4B7D-9DD6-09460819EE31}.Release|Any CPU.Build.0 = Release|Any CPU
		{A8E70F78-CA5B-4B7D-9DD6-09460819EE31}.Release|x64.ActiveCfg = Release|Any CPU
		{A8E70F78-CA5B-4B7D-9DD6-09460819EE31}.Release|x64.Build.0 = Release|Any CPU
		{A8E70F78-CA5B-4B7D-9DD6-09460819EE31}.Release|x86.ActiveCfg = Release|Any CPU
		{A8E70F78-CA5B-4B7D-9DD6-09460819EE31}.Release|x86.Build.0 = Release|Any CPU
		{661E9058-4AF2-461A-A8BC-482E8158F758}.Debug|Any CPU.ActiveCfg = Debug|Any CPU
		{661E9058-4AF2-461A-A8BC-482E8158F758}.Debug|Any CPU.Build.0 = Debug|Any CPU
		{661E9058-4AF2-461A-A8BC-482E8158F758}.Debug|x64.ActiveCfg = Debug|Any CPU
		{661E9058-4AF2-461A-A8BC-482E8158F758}.Debug|x64.Build.0 = Debug|Any CPU
		{661E9058-4AF2-461A-A8BC-482E8158F758}.Debug|x86.ActiveCfg = Debug|Any CPU
		{661E9058-4AF2-461A-A8BC-482E8158F758}.Debug|x86.Build.0 = Debug|Any CPU
		{661E9058-4AF2-461A-A8BC-482E8158F758}.Release|Any CPU.ActiveCfg = Release|Any CPU
		{661E9058-4AF2-461A-A8BC-482E8158F758}.Release|Any CPU.Build.0 = Release|Any CPU
		{661E9058-4AF2-461A-A8BC-482E8158F758}.Release|x64.ActiveCfg = Release|Any CPU
		{661E9058-4AF2-461A-A8BC-482E8158F758}.Release|x64.Build.0 = Release|Any CPU
		{661E9058-4AF2-461A-A8BC-482E8158F758}.Release|x86.ActiveCfg = Release|Any CPU
		{661E9058-4AF2-461A-A8BC-482E8158F758}.Release|x86.Build.0 = Release|Any CPU
		{419DF57C-6B03-4C4C-873B-DB125D3AB3A2}.Debug|Any CPU.ActiveCfg = Debug|Any CPU
		{419DF57C-6B03-4C4C-873B-DB125D3AB3A2}.Debug|Any CPU.Build.0 = Debug|Any CPU
		{419DF57C-6B03-4C4C-873B-DB125D3AB3A2}.Debug|x64.ActiveCfg = Debug|Any CPU
		{419DF57C-6B03-4C4C-873B-DB125D3AB3A2}.Debug|x64.Build.0 = Debug|Any CPU
		{419DF57C-6B03-4C4C-873B-DB125D3AB3A2}.Debug|x86.ActiveCfg = Debug|Any CPU
		{419DF57C-6B03-4C4C-873B-DB125D3AB3A2}.Debug|x86.Build.0 = Debug|Any CPU
		{419DF57C-6B03-4C4C-873B-DB125D3AB3A2}.Release|Any CPU.ActiveCfg = Release|Any CPU
		{419DF57C-6B03-4C4C-873B-DB125D3AB3A2}.Release|Any CPU.Build.0 = Release|Any CPU
		{419DF57C-6B03-4C4C-873B-DB125D3AB3A2}.Release|x64.ActiveCfg = Release|Any CPU
		{419DF57C-6B03-4C4C-873B-DB125D3AB3A2}.Release|x64.Build.0 = Release|Any CPU
		{419DF57C-6B03-4C4C-873B-DB125D3AB3A2}.Release|x86.ActiveCfg = Release|Any CPU
		{419DF57C-6B03-4C4C-873B-DB125D3AB3A2}.Release|x86.Build.0 = Release|Any CPU
	EndGlobalSection
	GlobalSection(SolutionProperties) = preSolution
		HideSolutionNode = FALSE
	EndGlobalSection
	GlobalSection(NestedProjects) = preSolution
		{6F5B4B67-2397-445D-A07F-1AF029F66ABC} = {827E0CD3-B72D-47B6-A68D-7590B98EB39B}
		{A8E70F78-CA5B-4B7D-9DD6-09460819EE31} = {827E0CD3-B72D-47B6-A68D-7590B98EB39B}
		{661E9058-4AF2-461A-A8BC-482E8158F758} = {827E0CD3-B72D-47B6-A68D-7590B98EB39B}
		{419DF57C-6B03-4C4C-873B-DB125D3AB3A2} = {827E0CD3-B72D-47B6-A68D-7590B98EB39B}
	EndGlobalSection
EndGlobal
